
Microsoft Visual Studio Solution File, Format Version 12.00
# Visual Studio 15
VisualStudioVersion = 15.0.27428.2002
MinimumVisualStudioVersion = 10.0.40219.1
Project("{FAE04EC0-301F-11D3-BF4B-00C04F79EFBC}") = "BtlATBM", "BtlATBM\BtlATBM.csproj", "{9A3B3069-DF53-4E99-BC3D-4027FCD6BA7F}"
EndProject
Global
	GlobalSection(SolutionConfigurationPlatforms) = preSolution
		Debug|Any CPU = Debug|Any CPU
		Release|Any CPU = Release|Any CPU
	EndGlobalSection
	GlobalSection(ProjectConfigurationPlatforms) = postSolution
		{9A3B3069-DF53-4E99-BC3D-4027FCD6BA7F}.Debug|Any CPU.ActiveCfg = Debug|Any CPU
		{9A3B3069-DF53-4E99-BC3D-4027FCD6BA7F}.Debug|Any CPU.Build.0 = Debug|Any CPU
		{9A3B3069-DF53-4E99-BC3D-4027FCD6BA7F}.Release|Any CPU.ActiveCfg = Release|Any CPU
		{9A3B3069-DF53-4E99-BC3D-4027FCD6BA7F}.Release|Any CPU.Build.0 = Release|Any CPU
	EndGlobalSection
	GlobalSection(SolutionProperties) = preSolution
		HideSolutionNode = FALSE
	EndGlobalSection
	GlobalSection(ExtensibilityGlobals) = postSolution
		SolutionGuid = {6F8EBD03-30C3-4595-8932-9C40E9D4A53C}
	EndGlobalSection
EndGlobal
